
Microsoft Visual Studio Solution File, Format Version 12.00
# Visual Studio 14
VisualStudioVersion = 14.0.25420.1
MinimumVisualStudioVersion = 10.0.40219.1
Project("{FAE04EC0-301F-11D3-BF4B-00C04F79EFBC}") = "Client", "Client\Client.csproj", "{E3476A49-7CD7-47E5-AD15-8DEBFCE4446A}"
EndProject
Project("{FAE04EC0-301F-11D3-BF4B-00C04F79EFBC}") = "Server", "Server\Server.csproj", "{C17D09E5-6758-4C04-A1E2-F7886BD03755}"
EndProject
Project("{FAE04EC0-301F-11D3-BF4B-00C04F79EFBC}") = "Packet", "Packet\Packet.csproj", "{7371AD96-9FD1-41EE-96A5-52C081A26E1C}"
EndProject
Global
	GlobalSection(SolutionConfigurationPlatforms) = preSolution
		Debug|Any CPU = Debug|Any CPU
		Release|Any CPU = Release|Any CPU
	EndGlobalSection
	GlobalSection(ProjectConfigurationPlatforms) = postSolution
		{E3476A49-7CD7-47E5-AD15-8DEBFCE4446A}.Debug|Any CPU.ActiveCfg = Debug|Any CPU
		{E3476A49-7CD7-47E5-AD15-8DEBFCE4446A}.Debug|Any CPU.Build.0 = Debug|Any CPU
		{E3476A49-7CD7-47E5-AD15-8DEBFCE4446A}.Release|Any CPU.ActiveCfg = Release|Any CPU
		{E3476A49-7CD7-47E5-AD15-8DEBFCE4446A}.Release|Any CPU.Build.0 = Release|Any CPU
		{C17D09E5-6758-4C04-A1E2-F7886BD03755}.Debug|Any CPU.ActiveCfg = Debug|Any CPU
		{C17D09E5-6758-4C04-A1E2-F7886BD03755}.Debug|Any CPU.Build.0 = Debug|Any CPU
		{C17D09E5-6758-4C04-A1E2-F7886BD03755}.Release|Any CPU.ActiveCfg = Release|Any CPU
		{C17D09E5-6758-4C04-A1E2-F7886BD03755}.Release|Any CPU.Build.0 = Release|Any CPU
		{7371AD96-9FD1-41EE-96A5-52C081A26E1C}.Debug|Any CPU.ActiveCfg = Debug|Any CPU
		{7371AD96-9FD1-41EE-96A5-52C081A26E1C}.Debug|Any CPU.Build.0 = Debug|Any CPU
		{7371AD96-9FD1-41EE-96A5-52C081A26E1C}.Release|Any CPU.ActiveCfg = Release|Any CPU
		{7371AD96-9FD1-41EE-96A5-52C081A26E1C}.Release|Any CPU.Build.0 = Release|Any CPU
	EndGlobalSection
	GlobalSection(SolutionProperties) = preSolution
		HideSolutionNode = FALSE
	EndGlobalSection
EndGlobal
